Microsoft Visual Studio Solution File, Format Version 12.00
# Visual Studio Version 17
VisualStudioVersion = 17.5.2.0
MinimumVisualStudioVersion = 10.0.40219.1
Project("{FAE04EC0-301F-11D3-BF4B-00C04F79EFBC}") = "Week1", "Week1\Week1.csproj", "{D267168B-6204-C6D5-22EC-44EA6BFBF715}"
EndProject
Global
	GlobalSection(SolutionConfigurationPlatforms) = preSolution
		Debug|Any CPU = Debug|Any CPU
		Release|Any CPU = Release|Any CPU
	EndGlobalSection
	GlobalSection(ProjectConfigurationPlatforms) = postSolution
		{D267168B-6204-C6D5-22EC-44EA6BFBF715}.Debug|Any CPU.ActiveCfg = Debug|Any CPU
		{D267168B-6204-C6D5-22EC-44EA6BFBF715}.Debug|Any CPU.Build.0 = Debug|Any CPU
		{D267168B-6204-C6D5-22EC-44EA6BFBF715}.Release|Any CPU.ActiveCfg = Release|Any CPU
		{D267168B-6204-C6D5-22EC-44EA6BFBF715}.Release|Any CPU.Build.0 = Release|Any CPU
	EndGlobalSection
	GlobalSection(SolutionProperties) = preSolution
		HideSolutionNode = FALSE
	EndGlobalSection
	GlobalSection(ExtensibilityGlobals) = postSolution
		SolutionGuid = {21A552B8-A89B-4F82-83CD-B9AB187D4E8D}
	EndGlobalSection
EndGlobal
